// !$*UTF8*$!
{
	archiveVersion = 1;
	classes = {
	};
	objectVersion = 48;
	objects = {

/* Begin PBXBuildFile section */
		FA27ACD32065CDE8004265C0 /* AppDelegate.swift in Sources */ = {isa = PBXBuildFile; fileRef = FA27ACD22065CDE8004265C0 /* AppDelegate.swift */; };
		FA27ACD52065CDE8004265C0 /* GameViewController.swift in Sources */ = {isa = PBXBuildFile; fileRef = FA27ACD42065CDE8004265C0 /* GameViewController.swift */; };
		FA27ACD92065CDE8004265C0 /* Assets.xcassets in Resources */ = {isa = PBXBuildFile; fileRef = FA27ACD82065CDE8004265C0 /* Assets.xcassets */; };
		FA27ACDC2065CDE8004265C0 /* Main.storyboard in Resources */ = {isa = PBXBuildFile; fileRef = FA27ACDA2065CDE8004265C0 /* Main.storyboard */; };
		FA27ACE82065CDE8004265C0 /* CityBuilderTests.swift in Sources */ = {isa = PBXBuildFile; fileRef = FA27ACE72065CDE8004265C0 /* CityBuilderTests.swift */; };
		FA27ACF52065CE0A004265C0 /* CGPointExtensions.swift in Sources */ = {isa = PBXBuildFile; fileRef = FA27ACF32065CE0A004265C0 /* CGPointExtensions.swift */; };
		FA27ACF62065CE0A004265C0 /* SCNVector3Extensions.swift in Sources */ = {isa = PBXBuildFile; fileRef = FA27ACF42065CE0A004265C0 /* SCNVector3Extensions.swift */; };
		FA27ACF82065CEAC004265C0 /* CGPointTests.swift in Sources */ = {isa = PBXBuildFile; fileRef = FA27ACF72065CEAB004265C0 /* CGPointTests.swift */; };
		FA27AD092065E326004265C0 /* TerrainSquare.swift in Sources */ = {isa = PBXBuildFile; fileRef = FA27ACFA2065E326004265C0 /* TerrainSquare.swift */; };
		FA27AD0A2065E326004265C0 /* TerrainModification.swift in Sources */ = {isa = PBXBuildFile; fileRef = FA27ACFB2065E326004265C0 /* TerrainModification.swift */; };
		FA27AD0B2065E326004265C0 /* TerrainMap.swift in Sources */ = {isa = PBXBuildFile; fileRef = FA27ACFC2065E326004265C0 /* TerrainMap.swift */; };
		FA27AD0C2065E326004265C0 /* IsometricCamera.swift in Sources */ = {isa = PBXBuildFile; fileRef = FA27ACFF2065E326004265C0 /* IsometricCamera.swift */; };
		FA27AD0D2065E326004265C0 /* MapNode.swift in Sources */ = {isa = PBXBuildFile; fileRef = FA27AD012065E326004265C0 /* MapNode.swift */; };
		FA27AD0E2065E326004265C0 /* VoxelProvider.swift in Sources */ = {isa = PBXBuildFile; fileRef = FA27AD032065E326004265C0 /* VoxelProvider.swift */; };
		FA27AD0F2065E326004265C0 /* TerrainMesh.swift in Sources */ = {isa = PBXBuildFile; fileRef = FA27AD042065E326004265C0 /* TerrainMesh.swift */; };
		FA27AD102065E326004265C0 /* VoxelTerrain.swift in Sources */ = {isa = PBXBuildFile; fileRef = FA27AD052065E326004265C0 /* VoxelTerrain.swift */; };
		FA27AD112065E326004265C0 /* TerrainMeshChunk.swift in Sources */ = {isa = PBXBuildFile; fileRef = FA27AD062065E326004265C0 /* TerrainMeshChunk.swift */; };
		FA27AD122065E326004265C0 /* DiamondSquareTerrainGenerator.swift in Sources */ = {isa = PBXBuildFile; fileRef = FA27AD082065E326004265C0 /* DiamondSquareTerrainGenerator.swift */; };
		FA650DDE20698DEE00B50E09 /* TerrainSetupModel.swift in Sources */ = {isa = PBXBuildFile; fileRef = FA650DDD20698DEE00B50E09 /* TerrainSetupModel.swift */; };
/* End PBXBuildFile section */

/* Begin PBXContainerItemProxy section */
		FA27ACE42065CDE8004265C0 /* PBXContainerItemProxy */ = {
			isa = PBXContainerItemProxy;
			containerPortal = FA27ACC72065CDE8004265C0 /* Project object */;
			proxyType = 1;
			remoteGlobalIDString = FA27ACCE2065CDE8004265C0;
			remoteInfo = CityBuilder;
		};
/* End PBXContainerItemProxy section */

/* Begin PBXFileReference section */
		FA27ACCF2065CDE8004265C0 /* CityBuilder.app */ = {isa = PBXFileReference; explicitFileType = wrapper.application; includeInIndex = 0; path = CityBuilder.app; sourceTree = BUILT_PRODUCTS_DIR; };
		FA27ACD22065CDE8004265C0 /* AppDelegate.swift */ = {isa = PBXFileReference; lastKnownFileType = sourcecode.swift; path = AppDelegate.swift; sourceTree = "<group>"; };
		FA27ACD42065CDE8004265C0 /* GameViewController.swift */ = {isa = PBXFileReference; lastKnownFileType = sourcecode.swift; path = GameViewController.swift; sourceTree = "<group>"; };
		FA27ACD82065CDE8004265C0 /* Assets.xcassets */ = {isa = PBXFileReference; lastKnownFileType = folder.assetcatalog; path = Assets.xcassets; sourceTree = "<group>"; };
		FA27ACDB2065CDE8004265C0 /* Base */ = {isa = PBXFileReference; lastKnownFileType = file.storyboard; name = Base; path = Base.lproj/Main.storyboard; sourceTree = "<group>"; };
		FA27ACDD2065CDE8004265C0 /* Info.plist */ = {isa = PBXFileReference; lastKnownFileType = text.plist.xml; path = Info.plist; sourceTree = "<group>"; };
		FA27ACDE2065CDE8004265C0 /* CityBuilder.entitlements */ = {isa = PBXFileReference; lastKnownFileType = text.plist.entitlements; path = CityBuilder.entitlements; sourceTree = "<group>"; };
		FA27ACE32065CDE8004265C0 /* CityBuilderTests.xctest */ = {isa = PBXFileReference; explicitFileType = wrapper.cfbundle; includeInIndex = 0; path = CityBuilderTests.xctest; sourceTree = BUILT_PRODUCTS_DIR; };
		FA27ACE72065CDE8004265C0 /* CityBuilderTests.swift */ = {isa = PBXFileReference; lastKnownFileType = sourcecode.swift; path = CityBuilderTests.swift; sourceTree = "<group>"; };
		FA27ACE92065CDE8004265C0 /* Info.plist */ = {isa = PBXFileReference; lastKnownFileType = text.plist.xml; path = Info.plist; sourceTree = "<group>"; };
		FA27ACF32065CE0A004265C0 /* CGPointExtensions.swift */ = {isa = PBXFileReference; fileEncoding = 4; lastKnownFileType = sourcecode.swift; path = CGPointExtensions.swift; sourceTree = "<group>"; };
		FA27ACF42065CE0A004265C0 /* SCNVector3Extensions.swift */ = {isa = PBXFileReference; fileEncoding = 4; lastKnownFileType = sourcecode.swift; path = SCNVector3Extensions.swift; sourceTree = "<group>"; };
		FA27ACF72065CEAB004265C0 /* CGPointTests.swift */ = {isa = PBXFileReference; fileEncoding = 4; lastKnownFileType = sourcecode.swift; path = CGPointTests.swift; sourceTree = "<group>"; };
		FA27ACFA2065E326004265C0 /* TerrainSquare.swift */ = {isa = PBXFileReference; fileEncoding = 4; lastKnownFileType = sourcecode.swift; path = TerrainSquare.swift; sourceTree = "<group>"; };
		FA27ACFB2065E326004265C0 /* TerrainModification.swift */ = {isa = PBXFileReference; fileEncoding = 4; lastKnownFileType = sourcecode.swift; path = TerrainModification.swift; sourceTree = "<group>"; };
		FA27ACFC2065E326004265C0 /* TerrainMap.swift */ = {isa = PBXFileReference; fileEncoding = 4; lastKnownFileType = sourcecode.swift; path = TerrainMap.swift; sourceTree = "<group>"; };
		FA27ACFF2065E326004265C0 /* IsometricCamera.swift */ = {isa = PBXFileReference; fileEncoding = 4; lastKnownFileType = sourcecode.swift; path = IsometricCamera.swift; sourceTree = "<group>"; };
		FA27AD012065E326004265C0 /* MapNode.swift */ = {isa = PBXFileReference; fileEncoding = 4; lastKnownFileType = sourcecode.swift; path = MapNode.swift; sourceTree = "<group>"; };
		FA27AD032065E326004265C0 /* VoxelProvider.swift */ = {isa = PBXFileReference; fileEncoding = 4; lastKnownFileType = sourcecode.swift; path = VoxelProvider.swift; sourceTree = "<group>"; };
		FA27AD042065E326004265C0 /* TerrainMesh.swift */ = {isa = PBXFileReference; fileEncoding = 4; lastKnownFileType = sourcecode.swift; path = TerrainMesh.swift; sourceTree = "<group>"; };
		FA27AD052065E326004265C0 /* VoxelTerrain.swift */ = {isa = PBXFileReference; fileEncoding = 4; lastKnownFileType = sourcecode.swift; path = VoxelTerrain.swift; sourceTree = "<group>"; };
		FA27AD062065E326004265C0 /* TerrainMeshChunk.swift */ = {isa = PBXFileReference; fileEncoding = 4; lastKnownFileType = sourcecode.swift; path = TerrainMeshChunk.swift; sourceTree = "<group>"; };
		FA27AD082065E326004265C0 /* DiamondSquareTerrainGenerator.swift */ = {isa = PBXFileReference; fileEncoding = 4; lastKnownFileType = sourcecode.swift; path = DiamondSquareTerrainGenerator.swift; sourceTree = "<group>"; };
		FA650DDD20698DEE00B50E09 /* TerrainSetupModel.swift */ = {isa = PBXFileReference; lastKnownFileType = sourcecode.swift; path = TerrainSetupModel.swift; sourceTree = "<group>"; };
/* End PBXFileReference section */

/* Begin PBXFrameworksBuildPhase section */
		FA27ACCC2065CDE8004265C0 /* Frameworks */ = {
			isa = PBXFrameworksBuildPhase;
			buildActionMask = 2147483647;
			files = (
			);
			runOnlyForDeploymentPostprocessing = 0;
		};
		FA27ACE02065CDE8004265C0 /* Frameworks */ = {
			isa = PBXFrameworksBuildPhase;
			buildActionMask = 2147483647;
			files = (
			);
			runOnlyForDeploymentPostprocessing = 0;
		};
/* End PBXFrameworksBuildPhase section */

/* Begin PBXGroup section */
		FA27ACC62065CDE8004265C0 = {
			isa = PBXGroup;
			children = (
				FA27ACD12065CDE8004265C0 /* CityBuilder */,
				FA27ACE62065CDE8004265C0 /* CityBuilderTests */,
				FA27ACD02065CDE8004265C0 /* Products */,
			);
			sourceTree = "<group>";
		};
		FA27ACD02065CDE8004265C0 /* Products */ = {
			isa = PBXGroup;
			children = (
				FA27ACCF2065CDE8004265C0 /* CityBuilder.app */,
				FA27ACE32065CDE8004265C0 /* CityBuilderTests.xctest */,
			);
			name = Products;
			sourceTree = "<group>";
		};
		FA27ACD12065CDE8004265C0 /* CityBuilder */ = {
			isa = PBXGroup;
			children = (
				FA27AD072065E326004265C0 /* Generator */,
				FA27ACF92065E326004265C0 /* Model */,
				FA27ACFD2065E326004265C0 /* Scene */,
				FA27ACF22065CE0A004265C0 /* Util */,
				FA27ACD22065CDE8004265C0 /* AppDelegate.swift */,
				FA27ACD42065CDE8004265C0 /* GameViewController.swift */,
				FA27ACD82065CDE8004265C0 /* Assets.xcassets */,
				FA27ACDA2065CDE8004265C0 /* Main.storyboard */,
				FA27ACDD2065CDE8004265C0 /* Info.plist */,
				FA27ACDE2065CDE8004265C0 /* CityBuilder.entitlements */,
			);
			path = CityBuilder;
			sourceTree = "<group>";
		};
		FA27ACE62065CDE8004265C0 /* CityBuilderTests */ = {
			isa = PBXGroup;
			children = (
				FA27ACF72065CEAB004265C0 /* CGPointTests.swift */,
				FA27ACE72065CDE8004265C0 /* CityBuilderTests.swift */,
				FA27ACE92065CDE8004265C0 /* Info.plist */,
			);
			path = CityBuilderTests;
			sourceTree = "<group>";
		};
		FA27ACF22065CE0A004265C0 /* Util */ = {
			isa = PBXGroup;
			children = (
				FA27ACF32065CE0A004265C0 /* CGPointExtensions.swift */,
				FA27ACF42065CE0A004265C0 /* SCNVector3Extensions.swift */,
			);
			path = Util;
			sourceTree = "<group>";
		};
		FA27ACF92065E326004265C0 /* Model */ = {
			isa = PBXGroup;
			children = (
				FA27ACFA2065E326004265C0 /* TerrainSquare.swift */,
				FA27ACFB2065E326004265C0 /* TerrainModification.swift */,
				FA27ACFC2065E326004265C0 /* TerrainMap.swift */,
			);
			path = Model;
			sourceTree = "<group>";
		};
		FA27ACFD2065E326004265C0 /* Scene */ = {
			isa = PBXGroup;
			children = (
				FA27ACFE2065E326004265C0 /* camera */,
				FA27AD002065E326004265C0 /* map */,
				FA27AD022065E326004265C0 /* terrain */,
			);
			path = Scene;
			sourceTree = "<group>";
		};
		FA27ACFE2065E326004265C0 /* camera */ = {
			isa = PBXGroup;
			children = (
				FA27ACFF2065E326004265C0 /* IsometricCamera.swift */,
			);
			path = camera;
			sourceTree = "<group>";
		};
		FA27AD002065E326004265C0 /* map */ = {
			isa = PBXGroup;
			children = (
				FA27AD012065E326004265C0 /* MapNode.swift */,
			);
			path = map;
			sourceTree = "<group>";
		};
		FA27AD022065E326004265C0 /* terrain */ = {
			isa = PBXGroup;
			children = (
				FA27AD032065E326004265C0 /* VoxelProvider.swift */,
				FA27AD042065E326004265C0 /* TerrainMesh.swift */,
				FA27AD052065E326004265C0 /* VoxelTerrain.swift */,
				FA27AD062065E326004265C0 /* TerrainMeshChunk.swift */,
				FA650DDD20698DEE00B50E09 /* TerrainSetupModel.swift */,
			);
			path = terrain;
			sourceTree = "<group>";
		};
		FA27AD072065E326004265C0 /* Generator */ = {
			isa = PBXGroup;
			children = (
				FA27AD082065E326004265C0 /* DiamondSquareTerrainGenerator.swift */,
			);
			path = Generator;
			sourceTree = "<group>";
		};
/* End PBXGroup section */

/* Begin PBXNativeTarget section */
		FA27ACCE2065CDE8004265C0 /* CityBuilder */ = {
			isa = PBXNativeTarget;
			buildConfigurationList = FA27ACEC2065CDE8004265C0 /* Build configuration list for PBXNativeTarget "CityBuilder" */;
			buildPhases = (
				FA27ACCB2065CDE8004265C0 /* Sources */,
				FA27ACCC2065CDE8004265C0 /* Frameworks */,
				FA27ACCD2065CDE8004265C0 /* Resources */,
			);
			buildRules = (
			);
			dependencies = (
			);
			name = CityBuilder;
			productName = CityBuilder;
			productReference = FA27ACCF2065CDE8004265C0 /* CityBuilder.app */;
			productType = "com.apple.product-type.application";
		};
		FA27ACE22065CDE8004265C0 /* CityBuilderTests */ = {
			isa = PBXNativeTarget;
			buildConfigurationList = FA27ACEF2065CDE8004265C0 /* Build configuration list for PBXNativeTarget "CityBuilderTests" */;
			buildPhases = (
				FA27ACDF2065CDE8004265C0 /* Sources */,
				FA27ACE02065CDE8004265C0 /* Frameworks */,
				FA27ACE12065CDE8004265C0 /* Resources */,
			);
			buildRules = (
			);
			dependencies = (
				FA27ACE52065CDE8004265C0 /* PBXTargetDependency */,
			);
			name = CityBuilderTests;
			productName = CityBuilderTests;
			productReference = FA27ACE32065CDE8004265C0 /* CityBuilderTests.xctest */;
			productType = "com.apple.product-type.bundle.unit-test";
		};
/* End PBXNativeTarget section */

/* Begin PBXProject section */
		FA27ACC72065CDE8004265C0 /* Project object */ = {
			isa = PBXProject;
			attributes = {
				LastSwiftUpdateCheck = 0920;
				LastUpgradeCheck = 0920;
				ORGANIZATIONNAME = "Alex Skorulis";
				TargetAttributes = {
					FA27ACCE2065CDE8004265C0 = {
						CreatedOnToolsVersion = 9.2;
						ProvisioningStyle = Automatic;
					};
					FA27ACE22065CDE8004265C0 = {
						CreatedOnToolsVersion = 9.2;
						ProvisioningStyle = Automatic;
						TestTargetID = FA27ACCE2065CDE8004265C0;
					};
				};
			};
			buildConfigurationList = FA27ACCA2065CDE8004265C0 /* Build configuration list for PBXProject "CityBuilder" */;
			compatibilityVersion = "Xcode 8.0";
			developmentRegion = en;
			hasScannedForEncodings = 0;
			knownRegions = (
				en,
				Base,
			);
			mainGroup = FA27ACC62065CDE8004265C0;
			productRefGroup = FA27ACD02065CDE8004265C0 /* Products */;
			projectDirPath = "";
			projectRoot = "";
			targets = (
				FA27ACCE2065CDE8004265C0 /* CityBuilder */,
				FA27ACE22065CDE8004265C0 /* CityBuilderTests */,
			);
		};
/* End PBXProject section */

/* Begin PBXResourcesBuildPhase section */
		FA27ACCD2065CDE8004265C0 /* Resources */ = {
			isa = PBXResourcesBuildPhase;
			buildActionMask = 2147483647;
			files = (
				FA27ACDC2065CDE8004265C0 /* Main.storyboard in Resources */,
				FA27ACD92065CDE8004265C0 /* Assets.xcassets in Resources */,
			);
			runOnlyForDeploymentPostprocessing = 0;
		};
		FA27ACE12065CDE8004265C0 /* Resources */ = {
			isa = PBXResourcesBuildPhase;
			buildActionMask = 2147483647;
			files = (
			);
			runOnlyForDeploymentPostprocessing = 0;
		};
/* End PBXResourcesBuildPhase section */

/* Begin PBXSourcesBuildPhase section */
		FA27ACCB2065CDE8004265C0 /* Sources */ = {
			isa = PBXSourcesBuildPhase;
			buildActionMask = 2147483647;
			files = (
				FA27AD0C2065E326004265C0 /* IsometricCamera.swift in Sources */,
				FA27ACD52065CDE8004265C0 /* GameViewController.swift in Sources */,
				FA27AD0A2065E326004265C0 /* TerrainModification.swift in Sources */,
				FA27AD112065E326004265C0 /* TerrainMeshChunk.swift in Sources */,
				FA27AD0E2065E326004265C0 /* VoxelProvider.swift in Sources */,
				FA27AD0D2065E326004265C0 /* MapNode.swift in Sources */,
				FA27ACF52065CE0A004265C0 /* CGPointExtensions.swift in Sources */,
				FA27AD102065E326004265C0 /* VoxelTerrain.swift in Sources */,
				FA650DDE20698DEE00B50E09 /* TerrainSetupModel.swift in Sources */,
				FA27ACD32065CDE8004265C0 /* AppDelegate.swift in Sources */,
				FA27AD122065E326004265C0 /* DiamondSquareTerrainGenerator.swift in Sources */,
				FA27ACF62065CE0A004265C0 /* SCNVector3Extensions.swift in Sources */,
				FA27AD0B2065E326004265C0 /* TerrainMap.swift in Sources */,
				FA27AD092065E326004265C0 /* TerrainSquare.swift in Sources */,
				FA27AD0F2065E326004265C0 /* TerrainMesh.swift in Sources */,
			);
			runOnlyForDeploymentPostprocessing = 0;
		};
		FA27ACDF2065CDE8004265C0 /* Sources */ = {
			isa = PBXSourcesBuildPhase;
			buildActionMask = 2147483647;
			files = (
				FA27ACF82065CEAC004265C0 /* CGPointTests.swift in Sources */,
				FA27ACE82065CDE8004265C0 /* CityBuilderTests.swift in Sources */,
			);
			runOnlyForDeploymentPostprocessing = 0;
		};
/* End PBXSourcesBuildPhase section */

/* Begin PBXTargetDependency section */
		FA27ACE52065CDE8004265C0 /* PBXTargetDependency */ = {
			isa = PBXTargetDependency;
			target = FA27ACCE2065CDE8004265C0 /* CityBuilder */;
			targetProxy = FA27ACE42065CDE8004265C0 /* PBXContainerItemProxy */;
		};
/* End PBXTargetDependency section */

/* Begin PBXVariantGroup section */
		FA27ACDA2065CDE8004265C0 /* Main.storyboard */ = {
			isa = PBXVariantGroup;
			children = (
				FA27ACDB2065CDE8004265C0 /* Base */,
			);
			name = Main.storyboard;
			sourceTree = "<group>";
		};
/* End PBXVariantGroup section */

/* Begin XCBuildConfiguration section */
		FA27ACEA2065CDE8004265C0 /* Debug */ = {
			isa = XCBuildConfiguration;
			buildSettings = {
				ALWAYS_SEARCH_USER_PATHS = NO;
				CLANG_ANALYZER_NONNULL = YES;
				CLANG_ANALYZER_NUMBER_OBJECT_CONVERSION = YES_AGGRESSIVE;
				CLANG_CXX_LANGUAGE_STANDARD = "gnu++14";
				CLANG_CXX_LIBRARY = "libc++";
				CLANG_ENABLE_MODULES = YES;
				CLANG_ENABLE_OBJC_ARC = YES;
				CLANG_WARN_BLOCK_CAPTURE_AUTORELEASING = YES;
				CLANG_WARN_BOOL_CONVERSION = YES;
				CLANG_WARN_COMMA = YES;
				CLANG_WARN_CONSTANT_CONVERSION = YES;
				CLANG_WARN_DIRECT_OBJC_ISA_USAGE = YES_ERROR;
				CLANG_WARN_DOCUMENTATION_COMMENTS = YES;
				CLANG_WARN_EMPTY_BODY = YES;
				CLANG_WARN_ENUM_CONVERSION = YES;
				CLANG_WARN_INFINITE_RECURSION = YES;
				CLANG_WARN_INT_CONVERSION = YES;
				CLANG_WARN_NON_LITERAL_NULL_CONVERSION = YES;
				CLANG_WARN_OBJC_LITERAL_CONVERSION = YES;
				CLANG_WARN_OBJC_ROOT_CLASS = YES_ERROR;
				CLANG_WARN_RANGE_LOOP_ANALYSIS = YES;
				CLANG_WARN_STRICT_PROTOTYPES = YES;
				CLANG_WARN_SUSPICIOUS_MOVE = YES;
				CLANG_WARN_UNGUARDED_AVAILABILITY = YES_AGGRESSIVE;
				CLANG_WARN_UNREACHABLE_CODE = YES;
				CLANG_WARN__DUPLICATE_METHOD_MATCH = YES;
				CODE_SIGN_IDENTITY = "Mac Developer";
				COPY_PHASE_STRIP = NO;
				DEBUG_INFORMATION_FORMAT = dwarf;
				ENABLE_STRICT_OBJC_MSGSEND = YES;
				ENABLE_TESTABILITY = YES;
				GCC_C_LANGUAGE_STANDARD = gnu11;
				GCC_DYNAMIC_NO_PIC = NO;
				GCC_NO_COMMON_BLOCKS = YES;
				GCC_OPTIMIZATION_LEVEL = 0;
				GCC_PREPROCESSOR_DEFINITIONS = (
					"DEBUG=1",
					"$(inherited)",
				);
				GCC_WARN_64_TO_32_BIT_CONVERSION = YES;
				GCC_WARN_ABOUT_RETURN_TYPE = YES_ERROR;
				GCC_WARN_UNDECLARED_SELECTOR = YES;
				GCC_WARN_UNINITIALIZED_AUTOS = YES_AGGRESSIVE;
				GCC_WARN_UNUSED_FUNCTION = YES;
				GCC_WARN_UNUSED_VARIABLE = YES;
				MACOSX_DEPLOYMENT_TARGET = 10.13;
				MTL_ENABLE_DEBUG_INFO = YES;
				ONLY_ACTIVE_ARCH = YES;
				SDKROOT = macosx;
				SWIFT_ACTIVE_COMPILATION_CONDITIONS = DEBUG;
				SWIFT_OPTIMIZATION_LEVEL = "-Onone";
			};
			name = Debug;
		};
		FA27ACEB2065CDE8004265C0 /* Release */ = {
			isa = XCBuildConfiguration;
			buildSettings = {
				ALWAYS_SEARCH_USER_PATHS = NO;
				CLANG_ANALYZER_NONNULL = YES;
				CLANG_ANALYZER_NUMBER_OBJECT_CONVERSION = YES_AGGRESSIVE;
				CLANG_CXX_LANGUAGE_STANDARD = "gnu++14";
				CLANG_CXX_LIBRARY = "libc++";
				CLANG_ENABLE_MODULES = YES;
				CLANG_ENABLE_OBJC_ARC = YES;
				CLANG_WARN_BLOCK_CAPTURE_AUTORELEASING = YES;
				CLANG_WARN_BOOL_CONVERSION = YES;
				CLANG_WARN_COMMA = YES;
				CLANG_WARN_CONSTANT_CONVERSION = YES;
				CLANG_WARN_DIRECT_OBJC_ISA_USAGE = YES_ERROR;
				CLANG_WARN_DOCUMENTATION_COMMENTS = YES;
				CLANG_WARN_EMPTY_BODY = YES;
				CLANG_WARN_ENUM_CONVERSION = YES;
				CLANG_WARN_INFINITE_RECURSION = YES;
				CLANG_WARN_INT_CONVERSION = YES;
				CLANG_WARN_NON_LITERAL_NULL_CONVERSION = YES;
				CLANG_WARN_OBJC_LITERAL_CONVERSION = YES;
				CLANG_WARN_OBJC_ROOT_CLASS = YES_ERROR;
				CLANG_WARN_RANGE_LOOP_ANALYSIS = YES;
				CLANG_WARN_STRICT_PROTOTYPES = YES;
				CLANG_WARN_SUSPICIOUS_MOVE = YES;
				CLANG_WARN_UNGUARDED_AVAILABILITY = YES_AGGRESSIVE;
				CLANG_WARN_UNREACHABLE_CODE = YES;
				CLANG_WARN__DUPLICATE_METHOD_MATCH = YES;
				CODE_SIGN_IDENTITY = "Mac Developer";
				COPY_PHASE_STRIP = NO;
				DEBUG_INFORMATION_FORMAT = "dwarf-with-dsym";
				ENABLE_NS_ASSERTIONS = NO;
				ENABLE_STRICT_OBJC_MSGSEND = YES;
				GCC_C_LANGUAGE_STANDARD = gnu11;
				GCC_NO_COMMON_BLOCKS = YES;
				GCC_WARN_64_TO_32_BIT_CONVERSION = YES;
				GCC_WARN_ABOUT_RETURN_TYPE = YES_ERROR;
				GCC_WARN_UNDECLARED_SELECTOR = YES;
				GCC_WARN_UNINITIALIZED_AUTOS = YES_AGGRESSIVE;
				GCC_WARN_UNUSED_FUNCTION = YES;
				GCC_WARN_UNUSED_VARIABLE = YES;
				MACOSX_DEPLOYMENT_TARGET = 10.13;
				MTL_ENABLE_DEBUG_INFO = NO;
				SDKROOT = macosx;
				SWIFT_OPTIMIZATION_LEVEL = "-Owholemodule";
			};
			name = Release;
		};
		FA27ACED2065CDE8004265C0 /* Debug */ = {
			isa = XCBuildConfiguration;
			buildSettings = {
				ASSETCATALOG_COMPILER_APPICON_NAME = AppIcon;
				CODE_SIGN_ENTITLEMENTS = CityBuilder/CityBuilder.entitlements;
				CODE_SIGN_STYLE = Automatic;
				COMBINE_HIDPI_IMAGES = YES;
				DEVELOPMENT_TEAM = X4S6MUZL2D;
				INFOPLIST_FILE = CityBuilder/Info.plist;
				LD_RUNPATH_SEARCH_PATHS = "$(inherited) @executable_path/../Frameworks";
				PRODUCT_BUNDLE_IDENTIFIER = com.skorulis.CityBuilder;
				PRODUCT_NAME = "$(TARGET_NAME)";
				SWIFT_VERSION = 4.0;
			};
			name = Debug;
		};
		FA27ACEE2065CDE8004265C0 /* Release */ = {
			isa = XCBuildConfiguration;
			buildSettings = {
				ASSETCATALOG_COMPILER_APPICON_NAME = AppIcon;
				CODE_SIGN_ENTITLEMENTS = CityBuilder/CityBuilder.entitlements;
				CODE_SIGN_STYLE = Automatic;
				COMBINE_HIDPI_IMAGES = YES;
				DEVELOPMENT_TEAM = X4S6MUZL2D;
				INFOPLIST_FILE = CityBuilder/Info.plist;
				LD_RUNPATH_SEARCH_PATHS = "$(inherited) @executable_path/../Frameworks";
				PRODUCT_BUNDLE_IDENTIFIER = com.skorulis.CityBuilder;
				PRODUCT_NAME = "$(TARGET_NAME)";
				SWIFT_VERSION = 4.0;
			};
			name = Release;
		};
		FA27ACF02065CDE8004265C0 /* Debug */ = {
			isa = XCBuildConfiguration;
			buildSettings = {
				ALWAYS_EMBED_SWIFT_STANDARD_LIBRARIES = YES;
				BUNDLE_LOADER = "$(TEST_HOST)";
				CODE_SIGN_STYLE = Automatic;
				COMBINE_HIDPI_IMAGES = YES;
				DEVELOPMENT_TEAM = X4S6MUZL2D;
				INFOPLIST_FILE = CityBuilderTests/Info.plist;
				LD_RUNPATH_SEARCH_PATHS = "$(inherited) @executable_path/../Frameworks @loader_path/../Frameworks";
				PRODUCT_BUNDLE_IDENTIFIER = com.skorulis.CityBuilderTests;
				PRODUCT_NAME = "$(TARGET_NAME)";
				SWIFT_VERSION = 4.0;
				TEST_HOST = "$(BUILT_PRODUCTS_DIR)/CityBuilder.app/Contents/MacOS/CityBuilder";
			};
			name = Debug;
		};
		FA27ACF12065CDE8004265C0 /* Release */ = {
			isa = XCBuildConfiguration;
			buildSettings = {
				ALWAYS_EMBED_SWIFT_STANDARD_LIBRARIES = YES;
				BUNDLE_LOADER = "$(TEST_HOST)";
				CODE_SIGN_STYLE = Automatic;
				COMBINE_HIDPI_IMAGES = YES;
				DEVELOPMENT_TEAM = X4S6MUZL2D;
				INFOPLIST_FILE = CityBuilderTests/Info.plist;
				LD_RUNPATH_SEARCH_PATHS = "$(inherited) @executable_path/../Frameworks @loader_path/../Frameworks";
				PRODUCT_BUNDLE_IDENTIFIER = com.skorulis.CityBuilderTests;
				PRODUCT_NAME = "$(TARGET_NAME)";
				SWIFT_VERSION = 4.0;
				TEST_HOST = "$(BUILT_PRODUCTS_DIR)/CityBuilder.app/Contents/MacOS/CityBuilder";
			};
			name = Release;
		};
/* End XCBuildConfiguration section */

/* Begin XCConfigurationList section */
		FA27ACCA2065CDE8004265C0 /* Build configuration list for PBXProject "CityBuilder" */ = {
			isa = XCConfigurationList;
			buildConfigurations = (
				FA27ACEA2065CDE8004265C0 /* Debug */,
				FA27ACEB2065CDE8004265C0 /* Release */,
			);
			defaultConfigurationIsVisible = 0;
			defaultConfigurationName = Release;
		};
		FA27ACEC2065CDE8004265C0 /* Build configuration list for PBXNativeTarget "CityBuilder" */ = {
			isa = XCConfigurationList;
			buildConfigurations = (
				FA27ACED2065CDE8004265C0 /* Debug */,
				FA27ACEE2065CDE8004265C0 /* Release */,
			);
			defaultConfigurationIsVisible = 0;
			defaultConfigurationName = Release;
		};
		FA27ACEF2065CDE8004265C0 /* Build configuration list for PBXNativeTarget "CityBuilderTests" */ = {
			isa = XCConfigurationList;
			buildConfigurations = (
				FA27ACF02065CDE8004265C0 /* Debug */,
				FA27ACF12065CDE8004265C0 /* Release */,
			);
			defaultConfigurationIsVisible = 0;
			defaultConfigurationName = Release;
		};
/* End XCConfigurationList section */
	};
	rootObject = FA27ACC72065CDE8004265C0 /* Project object */;
}
